
Microsoft Visual Studio Solution File, Format Version 12.00
# Visual Studio Version 17
VisualStudioVersion = 17.14.36908.2
MinimumVisualStudioVersion = 10.0.40219.1
Project("{FAE04EC0-301F-11D3-BF4B-00C04F79EFBC}") = "MembershipOperations.Api", "src\MembershipOperations.Api\MembershipOperations.Api.csproj", "{649713F7-960C-CE28-972C-E08D7BED8258}"
EndProject
Global
	GlobalSection(SolutionConfigurationPlatforms) = preSolution
		Debug|Any CPU = Debug|Any CPU
		Release|Any CPU = Release|Any CPU
	EndGlobalSection
	GlobalSection(ProjectConfigurationPlatforms) = postSolution
		{649713F7-960C-CE28-972C-E08D7BED8258}.Debug|Any CPU.ActiveCfg = Debug|Any CPU
		{649713F7-960C-CE28-972C-E08D7BED8258}.Debug|Any CPU.Build.0 = Debug|Any CPU
		{649713F7-960C-CE28-972C-E08D7BED8258}.Release|Any CPU.ActiveCfg = Release|Any CPU
		{649713F7-960C-CE28-972C-E08D7BED8258}.Release|Any CPU.Build.0 = Release|Any CPU
	EndGlobalSection
	GlobalSection(SolutionProperties) = preSolution
		HideSolutionNode = FALSE
	EndGlobalSection
	GlobalSection(ExtensibilityGlobals) = postSolution
		SolutionGuid = {C40742F7-D5B0-4B28-AF0F-06C205B34111}
	EndGlobalSection
EndGlobal
